
Microsoft Visual Studio Solution File, Format Version 12.00
# Visual Studio 15
VisualStudioVersion = 15.0.26430.6
MinimumVisualStudioVersion = 10.0.40219.1
Project("{FAE04EC0-301F-11D3-BF4B-00C04F79EFBC}") = "Phystones", "Phystones\Phystones.csproj", "{3025E98C-0698-4B67-A1AE-9E7AEC33FF5A}"
EndProject
Project("{FAE04EC0-301F-11D3-BF4B-00C04F79EFBC}") = "MyConfig", "MyConfig\MyConfig.csproj", "{BCFB0F50-3BF8-4309-B0DA-9FE00E0741FB}"
EndProject
Project("{FAE04EC0-301F-11D3-BF4B-00C04F79EFBC}") = "MyUtility", "..\Framework\MyUtility\MyUtility.csproj", "{D8D0B6F9-8542-4FDD-95B2-78B4F8E7C213}"
EndProject
Project("{FAE04EC0-301F-11D3-BF4B-00C04F79EFBC}") = "Logger", "..\Framework\Logger\Logger.csproj", "{0A3F6882-0D95-485C-93CF-B5C69D20F09B}"
EndProject
Project("{2150E333-8FDC-42A3-9474-1A3956D46DE8}") = "Framework", "Framework", "{54FF0CD6-C510-4D14-BD00-7E227F202545}"
EndProject
Project("{FAE04EC0-301F-11D3-BF4B-00C04F79EFBC}") = "WebUtility", "..\Framework\WebUtility\WebUtility.csproj", "{F8A5C35A-0CA3-4C84-AC2E-0927214F1886}"
EndProject
Project("{2150E333-8FDC-42A3-9474-1A3956D46DE8}") = "UnitTest", "UnitTest", "{47F35618-89E8-484A-A2C0-5CB3DFCD6E20}"
EndProject
Project("{2150E333-8FDC-42A3-9474-1A3956D46DE8}") = ".nuget", ".nuget", "{2C738FB9-582B-4E7A-942C-905CE6D2C5E7}"
	ProjectSection(SolutionItems) = preProject
		.nuget\NuGet.Config = .nuget\NuGet.Config
		.nuget\NuGet.exe = .nuget\NuGet.exe
		.nuget\NuGet.targets = .nuget\NuGet.targets
	EndProjectSection
EndProject
Project("{FAE04EC0-301F-11D3-BF4B-00C04F79EFBC}") = "BussinessObject", "..\Framework\BussinessObject\BussinessObject.csproj", "{B9772B22-8C6E-49CE-92C1-4B5B541F0924}"
EndProject
Project("{FAE04EC0-301F-11D3-BF4B-00C04F79EFBC}") = "DataAccess", "..\Framework\DataAccess\DataAccess.csproj", "{E825D500-57CC-4D2E-885B-368A6E3CEE1E}"
EndProject
Project("{FAE04EC0-301F-11D3-BF4B-00C04F79EFBC}") = "EntitiesObject", "..\Framework\EntitiesObject\EntitiesObject.csproj", "{70248680-8EA1-42ED-B418-2880CBF774B0}"
EndProject
Project("{FAE04EC0-301F-11D3-BF4B-00C04F79EFBC}") = "MyMemCache", "..\Framework\MyCache\MyMemCache.csproj", "{BD0A369A-E56C-47AE-AEC7-F320D44F0A36}"
EndProject
Global
	GlobalSection(SolutionConfigurationPlatforms) = preSolution
		Debug|Any CPU = Debug|Any CPU
		Release|Any CPU = Release|Any CPU
	EndGlobalSection
	GlobalSection(ProjectConfigurationPlatforms) = postSolution
		{3025E98C-0698-4B67-A1AE-9E7AEC33FF5A}.Debug|Any CPU.ActiveCfg = Debug|Any CPU
		{3025E98C-0698-4B67-A1AE-9E7AEC33FF5A}.Debug|Any CPU.Build.0 = Debug|Any CPU
		{3025E98C-0698-4B67-A1AE-9E7AEC33FF5A}.Release|Any CPU.ActiveCfg = Release|Any CPU
		{3025E98C-0698-4B67-A1AE-9E7AEC33FF5A}.Release|Any CPU.Build.0 = Release|Any CPU
		{BCFB0F50-3BF8-4309-B0DA-9FE00E0741FB}.Debug|Any CPU.ActiveCfg = Debug|Any CPU
		{BCFB0F50-3BF8-4309-B0DA-9FE00E0741FB}.Debug|Any CPU.Build.0 = Debug|Any CPU
		{BCFB0F50-3BF8-4309-B0DA-9FE00E0741FB}.Release|Any CPU.ActiveCfg = Release|Any CPU
		{BCFB0F50-3BF8-4309-B0DA-9FE00E0741FB}.Release|Any CPU.Build.0 = Release|Any CPU
		{D8D0B6F9-8542-4FDD-95B2-78B4F8E7C213}.Debug|Any CPU.ActiveCfg = Debug|Any CPU
		{D8D0B6F9-8542-4FDD-95B2-78B4F8E7C213}.Debug|Any CPU.Build.0 = Debug|Any CPU
		{D8D0B6F9-8542-4FDD-95B2-78B4F8E7C213}.Release|Any CPU.ActiveCfg = Release|Any CPU
		{D8D0B6F9-8542-4FDD-95B2-78B4F8E7C213}.Release|Any CPU.Build.0 = Release|Any CPU
		{0A3F6882-0D95-485C-93CF-B5C69D20F09B}.Debug|Any CPU.ActiveCfg = Debug|Any CPU
		{0A3F6882-0D95-485C-93CF-B5C69D20F09B}.Debug|Any CPU.Build.0 = Debug|Any CPU
		{0A3F6882-0D95-485C-93CF-B5C69D20F09B}.Release|Any CPU.ActiveCfg = Release|Any CPU
		{0A3F6882-0D95-485C-93CF-B5C69D20F09B}.Release|Any CPU.Build.0 = Release|Any CPU
		{F8A5C35A-0CA3-4C84-AC2E-0927214F1886}.Debug|Any CPU.ActiveCfg = Debug|Any CPU
		{F8A5C35A-0CA3-4C84-AC2E-0927214F1886}.Debug|Any CPU.Build.0 = Debug|Any CPU
		{F8A5C35A-0CA3-4C84-AC2E-0927214F1886}.Release|Any CPU.ActiveCfg = Release|Any CPU
		{F8A5C35A-0CA3-4C84-AC2E-0927214F1886}.Release|Any CPU.Build.0 = Release|Any CPU
		{B9772B22-8C6E-49CE-92C1-4B5B541F0924}.Debug|Any CPU.ActiveCfg = Debug|Any CPU
		{B9772B22-8C6E-49CE-92C1-4B5B541F0924}.Debug|Any CPU.Build.0 = Debug|Any CPU
		{B9772B22-8C6E-49CE-92C1-4B5B541F0924}.Release|Any CPU.ActiveCfg = Release|Any CPU
		{B9772B22-8C6E-49CE-92C1-4B5B541F0924}.Release|Any CPU.Build.0 = Release|Any CPU
		{E825D500-57CC-4D2E-885B-368A6E3CEE1E}.Debug|Any CPU.ActiveCfg = Debug|Any CPU
		{E825D500-57CC-4D2E-885B-368A6E3CEE1E}.Debug|Any CPU.Build.0 = Debug|Any CPU
		{E825D500-57CC-4D2E-885B-368A6E3CEE1E}.Release|Any CPU.ActiveCfg = Release|Any CPU
		{E825D500-57CC-4D2E-885B-368A6E3CEE1E}.Release|Any CPU.Build.0 = Release|Any CPU
		{70248680-8EA1-42ED-B418-2880CBF774B0}.Debug|Any CPU.ActiveCfg = Debug|Any CPU
		{70248680-8EA1-42ED-B418-2880CBF774B0}.Debug|Any CPU.Build.0 = Debug|Any CPU
		{70248680-8EA1-42ED-B418-2880CBF774B0}.Release|Any CPU.ActiveCfg = Release|Any CPU
		{70248680-8EA1-42ED-B418-2880CBF774B0}.Release|Any CPU.Build.0 = Release|Any CPU
		{BD0A369A-E56C-47AE-AEC7-F320D44F0A36}.Debug|Any CPU.ActiveCfg = Debug|Any CPU
		{BD0A369A-E56C-47AE-AEC7-F320D44F0A36}.Debug|Any CPU.Build.0 = Debug|Any CPU
		{BD0A369A-E56C-47AE-AEC7-F320D44F0A36}.Release|Any CPU.ActiveCfg = Release|Any CPU
		{BD0A369A-E56C-47AE-AEC7-F320D44F0A36}.Release|Any CPU.Build.0 = Release|Any CPU
	EndGlobalSection
	GlobalSection(SolutionProperties) = preSolution
		HideSolutionNode = FALSE
	EndGlobalSection
	GlobalSection(NestedProjects) = preSolution
		{BCFB0F50-3BF8-4309-B0DA-9FE00E0741FB} = {54FF0CD6-C510-4D14-BD00-7E227F202545}
		{D8D0B6F9-8542-4FDD-95B2-78B4F8E7C213} = {54FF0CD6-C510-4D14-BD00-7E227F202545}
		{0A3F6882-0D95-485C-93CF-B5C69D20F09B} = {54FF0CD6-C510-4D14-BD00-7E227F202545}
		{F8A5C35A-0CA3-4C84-AC2E-0927214F1886} = {54FF0CD6-C510-4D14-BD00-7E227F202545}
		{B9772B22-8C6E-49CE-92C1-4B5B541F0924} = {54FF0CD6-C510-4D14-BD00-7E227F202545}
		{E825D500-57CC-4D2E-885B-368A6E3CEE1E} = {54FF0CD6-C510-4D14-BD00-7E227F202545}
		{70248680-8EA1-42ED-B418-2880CBF774B0} = {54FF0CD6-C510-4D14-BD00-7E227F202545}
		{BD0A369A-E56C-47AE-AEC7-F320D44F0A36} = {54FF0CD6-C510-4D14-BD00-7E227F202545}
	EndGlobalSection
	GlobalSection(SubversionScc) = preSolution
		Svn-Managed = True
		Manager = AnkhSVN - Subversion Support for Visual Studio
	EndGlobalSection
EndGlobal
